{
  "name": "milestone_5",
  "lockfileVersion": 3,
  "requires": true,
  "packages": {
    "": {
      "dependencies": {
        "save": "file:../../../../../../type"
      }
    },
    "../../../../../../type": {},
    "node_modules/save": {
      "resolved": "../../../../../../type",
      "link": true
    }
  }
}
